# This file is autogenerated, do not edit; changes may be undone by the next 'dep ensure'.


[[projects]]
  branch = "master"
  digest = "1:08bd5ebe830fd1d161707bf6412894cd2f514c41f79590796ae1fb8c5dc2c1f6"
  name = "github.com/aaomidi/blockcipher"
  packages = [
    ".",
    "cbc",
    "ctr",
    "ecb",
  ]
  pruneopts = "UT"
  revision = "0282bb1c46355eda2d6c8cf731fbe25b3700aff9"

[[projects]]
  branch = "master"
  digest = "1:f5808f3e29abca5ff3810817e8c4bc7352229699f8806cbb980dd4615175de75"
  name = "golang.org/x/crypto"
  packages = ["tea"]
  pruneopts = "UT"
  revision = "7c1a557ab941a71c619514f229f0b27ccb0c27cf"

[solve-meta]
  analyzer-name = "dep"
  analyzer-version = 1
  input-imports = [
    "github.com/aaomidi/blockcipher",
    "github.com/aaomidi/blockcipher/cbc",
    "github.com/aaomidi/blockcipher/ctr",
    "github.com/aaomidi/blockcipher/ecb",
    "golang.org/x/crypto/tea",
  ]
  solver-name = "gps-cdcl"
  solver-version = 1
